
Microsoft Visual Studio Solution File, Format Version 12.00
# Visual Studio Version 17
VisualStudioVersion = 17.11.35327.3
MinimumVisualStudioVersion = 10.0.40219.1
Project("{FAE04EC0-301F-11D3-BF4B-00C04F79EFBC}") = "atividade17-04", "atividade17-04.csproj", "{C195FDC0-CCAA-48AD-B8F5-AD88B5211AC9}"
EndProject
Global
	GlobalSection(SolutionConfigurationPlatforms) = preSolution
		Debug|Any CPU = Debug|Any CPU
		Release|Any CPU = Release|Any CPU
	EndGlobalSection
	GlobalSection(ProjectConfigurationPlatforms) = postSolution
		{C195FDC0-CCAA-48AD-B8F5-AD88B5211AC9}.Debug|Any CPU.ActiveCfg = Debug|Any CPU
		{C195FDC0-CCAA-48AD-B8F5-AD88B5211AC9}.Debug|Any CPU.Build.0 = Debug|Any CPU
		{C195FDC0-CCAA-48AD-B8F5-AD88B5211AC9}.Release|Any CPU.ActiveCfg = Release|Any CPU
		{C195FDC0-CCAA-48AD-B8F5-AD88B5211AC9}.Release|Any CPU.Build.0 = Release|Any CPU
	EndGlobalSection
	GlobalSection(SolutionProperties) = preSolution
		HideSolutionNode = FALSE
	EndGlobalSection
	GlobalSection(ExtensibilityGlobals) = postSolution
		SolutionGuid = {C1BB745A-A231-4910-8284-53822026C42E}
	EndGlobalSection
EndGlobal
