
Microsoft Visual Studio Solution File, Format Version 12.00
# Visual Studio Version 17
VisualStudioVersion = 17.11.35327.3
MinimumVisualStudioVersion = 10.0.40219.1
Project("{FAE04EC0-301F-11D3-BF4B-00C04F79EFBC}") = "ListaAtividades", "ListaAtividades.csproj", "{FB5963D6-7576-4962-BC13-B4AAA9477905}"
EndProject
Global
	GlobalSection(SolutionConfigurationPlatforms) = preSolution
		Debug|Any CPU = Debug|Any CPU
		Release|Any CPU = Release|Any CPU
	EndGlobalSection
	GlobalSection(ProjectConfigurationPlatforms) = postSolution
		{FB5963D6-7576-4962-BC13-B4AAA9477905}.Debug|Any CPU.ActiveCfg = Debug|Any CPU
		{FB5963D6-7576-4962-BC13-B4AAA9477905}.Debug|Any CPU.Build.0 = Debug|Any CPU
		{FB5963D6-7576-4962-BC13-B4AAA9477905}.Release|Any CPU.ActiveCfg = Release|Any CPU
		{FB5963D6-7576-4962-BC13-B4AAA9477905}.Release|Any CPU.Build.0 = Release|Any CPU
	EndGlobalSection
	GlobalSection(SolutionProperties) = preSolution
		HideSolutionNode = FALSE
	EndGlobalSection
	GlobalSection(ExtensibilityGlobals) = postSolution
		SolutionGuid = {A967C3D7-D68E-4CBE-9CEE-B479C071862E}
	EndGlobalSection
EndGlobal
