
Microsoft Visual Studio Solution File, Format Version 12.00
# Visual Studio Version 17
VisualStudioVersion = 17.11.35327.3
MinimumVisualStudioVersion = 10.0.40219.1
Project("{FAE04EC0-301F-11D3-BF4B-00C04F79EFBC}") = "costura", "costura\costura.csproj", "{A2FB4BDB-999D-493E-9E9A-2676FC1546C0}"
EndProject
Global
	GlobalSection(SolutionConfigurationPlatforms) = preSolution
		Debug|Any CPU = Debug|Any CPU
		Release|Any CPU = Release|Any CPU
	EndGlobalSection
	GlobalSection(ProjectConfigurationPlatforms) = postSolution
		{A2FB4BDB-999D-493E-9E9A-2676FC1546C0}.Debug|Any CPU.ActiveCfg = Debug|Any CPU
		{A2FB4BDB-999D-493E-9E9A-2676FC1546C0}.Debug|Any CPU.Build.0 = Debug|Any CPU
		{A2FB4BDB-999D-493E-9E9A-2676FC1546C0}.Release|Any CPU.ActiveCfg = Release|Any CPU
		{A2FB4BDB-999D-493E-9E9A-2676FC1546C0}.Release|Any CPU.Build.0 = Release|Any CPU
	EndGlobalSection
	GlobalSection(SolutionProperties) = preSolution
		HideSolutionNode = FALSE
	EndGlobalSection
	GlobalSection(ExtensibilityGlobals) = postSolution
		SolutionGuid = {961160AC-B7C3-49FA-B131-4DA7248A0F93}
	EndGlobalSection
EndGlobal
